ariga.io/atlas v0.19.1-0.20240203083654-5948b60a8e43 h1:GwdJbXydHCYPedeeLt4x/lrlIISQ4JTH1mRWuE5ZZ14=
ariga.io/atlas v0.19.1-0.20240203083654-5948b60a8e43/go.mod h1:uj3pm+hUTVN/X5yfdBexHlZv+1Xu5u5ZbZx7+CDavNU=
connectrpc.com/connect v1.19.0 h1:LuqUbq01PqbtL0o7vn0WMRXzR2nNsiINe5zfcJ24pJM=
connectrpc.com/connect v1.19.0/go.mod h1:tN20fjdGlewnSFeZxLKb0xwIZ6ozc3OQs2hTXy4du9w=
entgo.io/ent v0.14.0 h1:EO3Z9aZ5bXJatJeGqu/EVdnNr6K4mRq3rWe5owt0MC4=
entgo.io/ent v0.14.0/go.mod h1:qCEmo+biw3ccBn9OyL4ZK5dfpwg++l1Gxwac5B1206A=
github.com/go-chi/chi/v5 v5.2.5 h1:Eg4myHZBjyvJmAFjFvWgrqDTXFyOzjj7YIm3L3mu6Ug=
github.com/go-chi/chi/v5 v5.2.5/go.mod h1:X7Gx4mteadT3eDOMTsXzmI4/rwUpOwBHLpAfupzFJP0=
github.com/golang-jwt/jwt/v5 v5.3.0 h1:pv4AsKCKKZuqlgs5sUmn4x8UlGa0kEVt/puTpKx9vvo=
github.com/golang-jwt/jwt/v5 v5.3.0/go.mod h1:fxCRLWMO43lRc8nhHWY6LGqRcf+1gQWArsqaEUEa5bE=
github.com/google/go-cmp v0.7.0 h1:wk8382ETsv4JYUZwIsn6YpYiWiBsYLSJiTsyBybVuN8=
github.com/google/go-cmp v0.7.0/go.mod h1:pXiqmnSA92OHEEa9HXL2W4E7lf9JzCmGVUdgjX3N/iU=
github.com/google/uuid v1.6.0 h1:NIvaJDMOsjHA8n1jAhLSgzrAzy1Hgr+hNrb57e+94F0=
github.com/google/uuid v1.6.0/go.mod h1:TIyPZe4MgqvfeYDBFedMoGGpEw/LqOeaOT+nhxU+yHo=
github.com/jackc/pgx/v5 v5.5.0 h1:NxstgwndsTRy7eq9/kqYc/BZh5w2hHJV86wjvO+1xPw=
github.com/jackc/pgx/v5 v5.5.0/go.mod h1:Ig06C2Vu0t5qXC60W8sqIthScaEnFvojjj9dSljmHRA=
github.com/prometheus/client_golang v1.19.0 h1:ygXvpU1AoN1MhdzckN+PyD9QJOSD4x7kmXYlnfbA6JU=
github.com/prometheus/client_golang v1.19.0/go.mod h1:ZRM9uEAypZakd+q/x7+gmsvXdURP+DABIEIjnmDdp+k=
github.com/stretchr/testify v1.11.1 h1:7s2iGBzp5EwR7/aIZr8ao5+dra3wiQyKjjFuvgVKu7U=
github.com/stretchr/testify v1.11.1/go.mod h1:wZwfW3scLgRK+23gO65QZefKpKQRnfz6sD981Nm4B6U=
go.opentelemetry.io/otel v1.27.0 h1:9BZoF3yMK/O1AafMiQTVu0YDj5Ea4hPhxCs7sGva+cg=
go.opentelemetry.io/otel v1.27.0/go.mod h1:DMpAK8fzYRzs+bi3rS5REupisuqTheUlSZJ1WnZaPAQ=
golang.org/x/crypto v0.50.0 h1:zO47/JPrL6vsNkINmLoo/PH1gcxpls50DNogFvB5ZGI=
golang.org/x/crypto v0.50.0/go.mod h1:3muZ7vA7PBCE6xgPX7nkzzjiUq87kRItoJQM1Yo8S+Q=
google.golang.org/protobuf v1.36.11 h1:fV6ZwhNocDyBLK0dj+fg8ektcVegBBuEolpbTQyBNVE=
google.golang.org/protobuf v1.36.11/go.mod h1:HTf+CrKn2C3g5S8VImy6tdcUvCska2kB7j23XfzDpco=
